
Microsoft Visual Studio Solution File, Format Version 12.00
# Visual Studio Version 17
VisualStudioVersion = 17.13.35931.197 d17.13
MinimumVisualStudioVersion = 10.0.40219.1
Project("{FAE04EC0-301F-11D3-BF4B-00C04F79EFBC}") = "Selenium", "Selenium.csproj", "{A764BFE7-5AAB-4847-8F7E-A03A36A513DA}"
EndProject
Global
	GlobalSection(SolutionConfigurationPlatforms) = preSolution
		Debug|Any CPU = Debug|Any CPU
		Release|Any CPU = Release|Any CPU
	EndGlobalSection
	GlobalSection(ProjectConfigurationPlatforms) = postSolution
		{A764BFE7-5AAB-4847-8F7E-A03A36A513DA}.Debug|Any CPU.ActiveCfg = Debug|Any CPU
		{A764BFE7-5AAB-4847-8F7E-A03A36A513DA}.Debug|Any CPU.Build.0 = Debug|Any CPU
		{A764BFE7-5AAB-4847-8F7E-A03A36A513DA}.Release|Any CPU.ActiveCfg = Release|Any CPU
		{A764BFE7-5AAB-4847-8F7E-A03A36A513DA}.Release|Any CPU.Build.0 = Release|Any CPU
	EndGlobalSection
	GlobalSection(SolutionProperties) = preSolution
		HideSolutionNode = FALSE
	EndGlobalSection
	GlobalSection(ExtensibilityGlobals) = postSolution
		SolutionGuid = {45533B3F-6AF6-4082-9F87-BECA83D432D8}
	EndGlobalSection
EndGlobal
